
Microsoft Visual Studio Solution File, Format Version 12.00
# Visual Studio 15
VisualStudioVersion = 15.0.28307.1000
MinimumVisualStudioVersion = 10.0.40219.1
Project("{FAE04EC0-301F-11D3-BF4B-00C04F79EFBC}") = "SAT", "SAT\SAT.csproj", "{BE8EDD1E-627F-450F-9F20-2623FA18ABE7}"
EndProject
Project("{FAE04EC0-301F-11D3-BF4B-00C04F79EFBC}") = "SAT.DATA", "SAT.DATA\SAT.DATA.csproj", "{23B1F898-3B44-4251-BC3A-8D1B608C91EA}"
EndProject
Global
	GlobalSection(SolutionConfigurationPlatforms) = preSolution
		Debug|Any CPU = Debug|Any CPU
		Release|Any CPU = Release|Any CPU
	EndGlobalSection
	GlobalSection(ProjectConfigurationPlatforms) = postSolution
		{BE8EDD1E-627F-450F-9F20-2623FA18ABE7}.Debug|Any CPU.ActiveCfg = Debug|Any CPU
		{BE8EDD1E-627F-450F-9F20-2623FA18ABE7}.Debug|Any CPU.Build.0 = Debug|Any CPU
		{BE8EDD1E-627F-450F-9F20-2623FA18ABE7}.Release|Any CPU.ActiveCfg = Release|Any CPU
		{BE8EDD1E-627F-450F-9F20-2623FA18ABE7}.Release|Any CPU.Build.0 = Release|Any CPU
		{23B1F898-3B44-4251-BC3A-8D1B608C91EA}.Debug|Any CPU.ActiveCfg = Debug|Any CPU
		{23B1F898-3B44-4251-BC3A-8D1B608C91EA}.Debug|Any CPU.Build.0 = Debug|Any CPU
		{23B1F898-3B44-4251-BC3A-8D1B608C91EA}.Release|Any CPU.ActiveCfg = Release|Any CPU
		{23B1F898-3B44-4251-BC3A-8D1B608C91EA}.Release|Any CPU.Build.0 = Release|Any CPU
	EndGlobalSection
	GlobalSection(SolutionProperties) = preSolution
		HideSolutionNode = FALSE
	EndGlobalSection
	GlobalSection(ExtensibilityGlobals) = postSolution
		SolutionGuid = {0C3886E1-26CE-4B6E-89EA-4965B08A24F6}
	EndGlobalSection
EndGlobal
